
Microsoft Visual Studio Solution File, Format Version 12.00
# Visual Studio Version 17
VisualStudioVersion = 17.12.35424.110 d17.12
MinimumVisualStudioVersion = 10.0.40219.1
Project("{FAE04EC0-301F-11D3-BF4B-00C04F79EFBC}") = "Domain", "Domain\Domain.csproj", "{9AB5EFC0-2A13-4311-871C-5CA270DBFBF7}"
EndProject
Project("{FAE04EC0-301F-11D3-BF4B-00C04F79EFBC}") = "Business", "Business\Business.csproj", "{726264FA-5B05-4496-B137-A3A529EE0100}"
EndProject
Project("{FAE04EC0-301F-11D3-BF4B-00C04F79EFBC}") = "Infrastructure", "Infrastructure\Infrastructure.csproj", "{6FA610FA-0C36-4A04-85A2-C05B8093EE64}"
EndProject
Project("{FAE04EC0-301F-11D3-BF4B-00C04F79EFBC}") = "UI", "UI\UI.csproj", "{63E18B71-A816-48C2-A348-7E0EEB30FE19}"
EndProject
Global
	GlobalSection(SolutionConfigurationPlatforms) = preSolution
		Debug|Any CPU = Debug|Any CPU
		Release|Any CPU = Release|Any CPU
	EndGlobalSection
	GlobalSection(ProjectConfigurationPlatforms) = postSolution
		{9AB5EFC0-2A13-4311-871C-5CA270DBFBF7}.Debug|Any CPU.ActiveCfg = Debug|Any CPU
		{9AB5EFC0-2A13-4311-871C-5CA270DBFBF7}.Debug|Any CPU.Build.0 = Debug|Any CPU
		{9AB5EFC0-2A13-4311-871C-5CA270DBFBF7}.Release|Any CPU.ActiveCfg = Release|Any CPU
		{9AB5EFC0-2A13-4311-871C-5CA270DBFBF7}.Release|Any CPU.Build.0 = Release|Any CPU
		{726264FA-5B05-4496-B137-A3A529EE0100}.Debug|Any CPU.ActiveCfg = Debug|Any CPU
		{726264FA-5B05-4496-B137-A3A529EE0100}.Debug|Any CPU.Build.0 = Debug|Any CPU
		{726264FA-5B05-4496-B137-A3A529EE0100}.Release|Any CPU.ActiveCfg = Release|Any CPU
		{726264FA-5B05-4496-B137-A3A529EE0100}.Release|Any CPU.Build.0 = Release|Any CPU
		{6FA610FA-0C36-4A04-85A2-C05B8093EE64}.Debug|Any CPU.ActiveCfg = Debug|Any CPU
		{6FA610FA-0C36-4A04-85A2-C05B8093EE64}.Debug|Any CPU.Build.0 = Debug|Any CPU
		{6FA610FA-0C36-4A04-85A2-C05B8093EE64}.Release|Any CPU.ActiveCfg = Release|Any CPU
		{6FA610FA-0C36-4A04-85A2-C05B8093EE64}.Release|Any CPU.Build.0 = Release|Any CPU
		{63E18B71-A816-48C2-A348-7E0EEB30FE19}.Debug|Any CPU.ActiveCfg = Debug|Any CPU
		{63E18B71-A816-48C2-A348-7E0EEB30FE19}.Debug|Any CPU.Build.0 = Debug|Any CPU
		{63E18B71-A816-48C2-A348-7E0EEB30FE19}.Release|Any CPU.ActiveCfg = Release|Any CPU
		{63E18B71-A816-48C2-A348-7E0EEB30FE19}.Release|Any CPU.Build.0 = Release|Any CPU
	EndGlobalSection
	GlobalSection(SolutionProperties) = preSolution
		HideSolutionNode = FALSE
	EndGlobalSection
EndGlobal
